
Microsoft Visual Studio Solution File, Format Version 12.00
# Visual Studio Version 16
VisualStudioVersion = 16.0.30709.132
MinimumVisualStudioVersion = 10.0.40219.1
Project("{FAE04EC0-301F-11D3-BF4B-00C04F79EFBC}") = "EasyLoca.UWP", "EasyLoca\EasyLoca.UWP\EasyLoca.UWP.csproj", "{51315820-9642-43A7-99DD-AB9E4CA472CC}"
EndProject
Project("{FAE04EC0-301F-11D3-BF4B-00C04F79EFBC}") = "EasyLoca.Android", "EasyLoca\EasyLoca.Android\EasyLoca.Android.csproj", "{69027A4C-79E4-4F7B-84D3-5D66138B4EBA}"
EndProject
Project("{FAE04EC0-301F-11D3-BF4B-00C04F79EFBC}") = "EasyLoca", "EasyLoca\EasyLoca\EasyLoca.csproj", "{FCFD933C-7838-41A3-A1E6-E9763DDC2567}"
EndProject
Project("{FAE04EC0-301F-11D3-BF4B-00C04F79EFBC}") = "ConsoleTest", "ConsoleTest\ConsoleTest.csproj", "{FBA6CBE8-62B7-4C5B-8BE6-475D71DB6AE0}"
EndProject
Global
	GlobalSection(SolutionConfigurationPlatforms) = preSolution
		Debug|Any CPU = Debug|Any CPU
		Debug|ARM = Debug|ARM
		Debug|x64 = Debug|x64
		Debug|x86 = Debug|x86
		Release|Any CPU = Release|Any CPU
		Release|ARM = Release|ARM
		Release|x64 = Release|x64
		Release|x86 = Release|x86
	EndGlobalSection
	GlobalSection(ProjectConfigurationPlatforms) = postSolution
		{51315820-9642-43A7-99DD-AB9E4CA472CC}.Debug|Any CPU.ActiveCfg = Debug|x86
		{51315820-9642-43A7-99DD-AB9E4CA472CC}.Debug|Any CPU.Build.0 = Debug|x86
		{51315820-9642-43A7-99DD-AB9E4CA472CC}.Debug|Any CPU.Deploy.0 = Debug|x86
		{51315820-9642-43A7-99DD-AB9E4CA472CC}.Debug|ARM.ActiveCfg = Debug|ARM
		{51315820-9642-43A7-99DD-AB9E4CA472CC}.Debug|ARM.Build.0 = Debug|ARM
		{51315820-9642-43A7-99DD-AB9E4CA472CC}.Debug|ARM.Deploy.0 = Debug|ARM
		{51315820-9642-43A7-99DD-AB9E4CA472CC}.Debug|x64.ActiveCfg = Debug|x64
		{51315820-9642-43A7-99DD-AB9E4CA472CC}.Debug|x64.Build.0 = Debug|x64
		{51315820-9642-43A7-99DD-AB9E4CA472CC}.Debug|x64.Deploy.0 = Debug|x64
		{51315820-9642-43A7-99DD-AB9E4CA472CC}.Debug|x86.ActiveCfg = Debug|x86
		{51315820-9642-43A7-99DD-AB9E4CA472CC}.Debug|x86.Build.0 = Debug|x86
		{51315820-9642-43A7-99DD-AB9E4CA472CC}.Debug|x86.Deploy.0 = Debug|x86
		{51315820-9642-43A7-99DD-AB9E4CA472CC}.Release|Any CPU.ActiveCfg = Release|x86
		{51315820-9642-43A7-99DD-AB9E4CA472CC}.Release|Any CPU.Build.0 = Release|x86
		{51315820-9642-43A7-99DD-AB9E4CA472CC}.Release|Any CPU.Deploy.0 = Release|x86
		{51315820-9642-43A7-99DD-AB9E4CA472CC}.Release|ARM.ActiveCfg = Release|ARM
		{51315820-9642-43A7-99DD-AB9E4CA472CC}.Release|ARM.Build.0 = Release|ARM
		{51315820-9642-43A7-99DD-AB9E4CA472CC}.Release|ARM.Deploy.0 = Release|ARM
		{51315820-9642-43A7-99DD-AB9E4CA472CC}.Release|x64.ActiveCfg = Release|x64
		{51315820-9642-43A7-99DD-AB9E4CA472CC}.Release|x64.Build.0 = Release|x64
		{51315820-9642-43A7-99DD-AB9E4CA472CC}.Release|x64.Deploy.0 = Release|x64
		{51315820-9642-43A7-99DD-AB9E4CA472CC}.Release|x86.ActiveCfg = Release|x86
		{51315820-9642-43A7-99DD-AB9E4CA472CC}.Release|x86.Build.0 = Release|x86
		{51315820-9642-43A7-99DD-AB9E4CA472CC}.Release|x86.Deploy.0 = Release|x86
		{69027A4C-79E4-4F7B-84D3-5D66138B4EBA}.Debug|Any CPU.ActiveCfg = Debug|Any CPU
		{69027A4C-79E4-4F7B-84D3-5D66138B4EBA}.Debug|Any CPU.Build.0 = Debug|Any CPU
		{69027A4C-79E4-4F7B-84D3-5D66138B4EBA}.Debug|Any CPU.Deploy.0 = Debug|Any CPU
		{69027A4C-79E4-4F7B-84D3-5D66138B4EBA}.Debug|ARM.ActiveCfg = Debug|Any CPU
		{69027A4C-79E4-4F7B-84D3-5D66138B4EBA}.Debug|ARM.Build.0 = Debug|Any CPU
		{69027A4C-79E4-4F7B-84D3-5D66138B4EBA}.Debug|ARM.Deploy.0 = Debug|Any CPU
		{69027A4C-79E4-4F7B-84D3-5D66138B4EBA}.Debug|x64.ActiveCfg = Debug|Any CPU
		{69027A4C-79E4-4F7B-84D3-5D66138B4EBA}.Debug|x64.Build.0 = Debug|Any CPU
		{69027A4C-79E4-4F7B-84D3-5D66138B4EBA}.Debug|x64.Deploy.0 = Debug|Any CPU
		{69027A4C-79E4-4F7B-84D3-5D66138B4EBA}.Debug|x86.ActiveCfg = Debug|Any CPU
		{69027A4C-79E4-4F7B-84D3-5D66138B4EBA}.Debug|x86.Build.0 = Debug|Any CPU
		{69027A4C-79E4-4F7B-84D3-5D66138B4EBA}.Debug|x86.Deploy.0 = Debug|Any CPU
		{69027A4C-79E4-4F7B-84D3-5D66138B4EBA}.Release|Any CPU.ActiveCfg = Release|Any CPU
		{69027A4C-79E4-4F7B-84D3-5D66138B4EBA}.Release|Any CPU.Build.0 = Release|Any CPU
		{69027A4C-79E4-4F7B-84D3-5D66138B4EBA}.Release|Any CPU.Deploy.0 = Release|Any CPU
		{69027A4C-79E4-4F7B-84D3-5D66138B4EBA}.Release|ARM.ActiveCfg = Release|Any CPU
		{69027A4C-79E4-4F7B-84D3-5D66138B4EBA}.Release|ARM.Build.0 = Release|Any CPU
		{69027A4C-79E4-4F7B-84D3-5D66138B4EBA}.Release|ARM.Deploy.0 = Release|Any CPU
		{69027A4C-79E4-4F7B-84D3-5D66138B4EBA}.Release|x64.ActiveCfg = Release|Any CPU
		{69027A4C-79E4-4F7B-84D3-5D66138B4EBA}.Release|x64.Build.0 = Release|Any CPU
		{69027A4C-79E4-4F7B-84D3-5D66138B4EBA}.Release|x64.Deploy.0 = Release|Any CPU
		{69027A4C-79E4-4F7B-84D3-5D66138B4EBA}.Release|x86.ActiveCfg = Release|Any CPU
		{69027A4C-79E4-4F7B-84D3-5D66138B4EBA}.Release|x86.Build.0 = Release|Any CPU
		{69027A4C-79E4-4F7B-84D3-5D66138B4EBA}.Release|x86.Deploy.0 = Release|Any CPU
		{FCFD933C-7838-41A3-A1E6-E9763DDC2567}.Debug|Any CPU.ActiveCfg = Debug|Any CPU
		{FCFD933C-7838-41A3-A1E6-E9763DDC2567}.Debug|Any CPU.Build.0 = Debug|Any CPU
		{FCFD933C-7838-41A3-A1E6-E9763DDC2567}.Debug|Any CPU.Deploy.0 = Debug|Any CPU
		{FCFD933C-7838-41A3-A1E6-E9763DDC2567}.Debug|ARM.ActiveCfg = Debug|Any CPU
		{FCFD933C-7838-41A3-A1E6-E9763DDC2567}.Debug|ARM.Build.0 = Debug|Any CPU
		{FCFD933C-7838-41A3-A1E6-E9763DDC2567}.Debug|ARM.Deploy.0 = Debug|Any CPU
		{FCFD933C-7838-41A3-A1E6-E9763DDC2567}.Debug|x64.ActiveCfg = Debug|Any CPU
		{FCFD933C-7838-41A3-A1E6-E9763DDC2567}.Debug|x64.Build.0 = Debug|Any CPU
		{FCFD933C-7838-41A3-A1E6-E9763DDC2567}.Debug|x64.Deploy.0 = Debug|Any CPU
		{FCFD933C-7838-41A3-A1E6-E9763DDC2567}.Debug|x86.ActiveCfg = Debug|Any CPU
		{FCFD933C-7838-41A3-A1E6-E9763DDC2567}.Debug|x86.Build.0 = Debug|Any CPU
		{FCFD933C-7838-41A3-A1E6-E9763DDC2567}.Debug|x86.Deploy.0 = Debug|Any CPU
		{FCFD933C-7838-41A3-A1E6-E9763DDC2567}.Release|Any CPU.ActiveCfg = Release|Any CPU
		{FCFD933C-7838-41A3-A1E6-E9763DDC2567}.Release|Any CPU.Build.0 = Release|Any CPU
		{FCFD933C-7838-41A3-A1E6-E9763DDC2567}.Release|Any CPU.Deploy.0 = Release|Any CPU
		{FCFD933C-7838-41A3-A1E6-E9763DDC2567}.Release|ARM.ActiveCfg = Release|Any CPU
		{FCFD933C-7838-41A3-A1E6-E9763DDC2567}.Release|ARM.Build.0 = Release|Any CPU
		{FCFD933C-7838-41A3-A1E6-E9763DDC2567}.Release|ARM.Deploy.0 = Release|Any CPU
		{FCFD933C-7838-41A3-A1E6-E9763DDC2567}.Release|x64.ActiveCfg = Release|Any CPU
		{FCFD933C-7838-41A3-A1E6-E9763DDC2567}.Release|x64.Build.0 = Release|Any CPU
		{FCFD933C-7838-41A3-A1E6-E9763DDC2567}.Release|x64.Deploy.0 = Release|Any CPU
		{FCFD933C-7838-41A3-A1E6-E9763DDC2567}.Release|x86.ActiveCfg = Release|Any CPU
		{FCFD933C-7838-41A3-A1E6-E9763DDC2567}.Release|x86.Build.0 = Release|Any CPU
		{FCFD933C-7838-41A3-A1E6-E9763DDC2567}.Release|x86.Deploy.0 = Release|Any CPU
		{FBA6CBE8-62B7-4C5B-8BE6-475D71DB6AE0}.Debug|Any CPU.ActiveCfg = Debug|Any CPU
		{FBA6CBE8-62B7-4C5B-8BE6-475D71DB6AE0}.Debug|Any CPU.Build.0 = Debug|Any CPU
		{FBA6CBE8-62B7-4C5B-8BE6-475D71DB6AE0}.Debug|ARM.ActiveCfg = Debug|Any CPU
		{FBA6CBE8-62B7-4C5B-8BE6-475D71DB6AE0}.Debug|ARM.Build.0 = Debug|Any CPU
		{FBA6CBE8-62B7-4C5B-8BE6-475D71DB6AE0}.Debug|x64.ActiveCfg = Debug|Any CPU
		{FBA6CBE8-62B7-4C5B-8BE6-475D71DB6AE0}.Debug|x64.Build.0 = Debug|Any CPU
		{FBA6CBE8-62B7-4C5B-8BE6-475D71DB6AE0}.Debug|x86.ActiveCfg = Debug|Any CPU
		{FBA6CBE8-62B7-4C5B-8BE6-475D71DB6AE0}.Debug|x86.Build.0 = Debug|Any CPU
		{FBA6CBE8-62B7-4C5B-8BE6-475D71DB6AE0}.Release|Any CPU.ActiveCfg = Release|Any CPU
		{FBA6CBE8-62B7-4C5B-8BE6-475D71DB6AE0}.Release|Any CPU.Build.0 = Release|Any CPU
		{FBA6CBE8-62B7-4C5B-8BE6-475D71DB6AE0}.Release|ARM.ActiveCfg = Release|Any CPU
		{FBA6CBE8-62B7-4C5B-8BE6-475D71DB6AE0}.Release|ARM.Build.0 = Release|Any CPU
		{FBA6CBE8-62B7-4C5B-8BE6-475D71DB6AE0}.Release|x64.ActiveCfg = Release|Any CPU
		{FBA6CBE8-62B7-4C5B-8BE6-475D71DB6AE0}.Release|x64.Build.0 = Release|Any CPU
		{FBA6CBE8-62B7-4C5B-8BE6-475D71DB6AE0}.Release|x86.ActiveCfg = Release|Any CPU
		{FBA6CBE8-62B7-4C5B-8BE6-475D71DB6AE0}.Release|x86.Build.0 = Release|Any CPU
	EndGlobalSection
	GlobalSection(SolutionProperties) = preSolution
		HideSolutionNode = FALSE
	EndGlobalSection
	GlobalSection(ExtensibilityGlobals) = postSolution
		SolutionGuid = {94DA4659-EE00-4DA0-9D31-CC63632D9FBA}
	EndGlobalSection
EndGlobal
